// !$*UTF8*$!
{
	archiveVersion = 1;
	classes = {
	};
	objectVersion = 50;
	objects = {

/* Begin PBXBuildFile section */
		772760DD2563261800F4698D /* .bartycrouch.toml in Resources */ = {isa = PBXBuildFile; fileRef = 772760DC2563261800F4698D /* .bartycrouch.toml */; };
		772760DE2563261800F4698D /* .bartycrouch.toml in Resources */ = {isa = PBXBuildFile; fileRef = 772760DC2563261800F4698D /* .bartycrouch.toml */; };
		7733F6D8255A530800BE2569 /* Tests_iOS.swift in Sources */ = {isa = PBXBuildFile; fileRef = 7733F6D7255A530800BE2569 /* Tests_iOS.swift */; };
		7733F6E3255A530800BE2569 /* Tests_macOS.swift in Sources */ = {isa = PBXBuildFile; fileRef = 7733F6E2255A530800BE2569 /* Tests_macOS.swift */; };
		7733F6E7255A530800BE2569 /* MemorizeApp.swift in Sources */ = {isa = PBXBuildFile; fileRef = 7733F6BB255A530600BE2569 /* MemorizeApp.swift */; };
		7733F6E8255A530800BE2569 /* MemorizeApp.swift in Sources */ = {isa = PBXBuildFile; fileRef = 7733F6BB255A530600BE2569 /* MemorizeApp.swift */; };
		7733F6E9255A530800BE2569 /* EmojiMemoryGameView.swift in Sources */ = {isa = PBXBuildFile; fileRef = 7733F6BC255A530600BE2569 /* EmojiMemoryGameView.swift */; };
		7733F6EA255A530800BE2569 /* EmojiMemoryGameView.swift in Sources */ = {isa = PBXBuildFile; fileRef = 7733F6BC255A530600BE2569 /* EmojiMemoryGameView.swift */; };
		7733F6ED255A530800BE2569 /* Assets.xcassets in Resources */ = {isa = PBXBuildFile; fileRef = 7733F6BE255A530800BE2569 /* Assets.xcassets */; };
		7733F6EE255A530800BE2569 /* Assets.xcassets in Resources */ = {isa = PBXBuildFile; fileRef = 7733F6BE255A530800BE2569 /* Assets.xcassets */; };
		7733F740255A5EF600BE2569 /* Localizable.strings in Resources */ = {isa = PBXBuildFile; fileRef = 7733F743255A5EF600BE2569 /* Localizable.strings */; };
		7733F741255A5EF600BE2569 /* Localizable.strings in Resources */ = {isa = PBXBuildFile; fileRef = 7733F743255A5EF600BE2569 /* Localizable.strings */; };
		7733F74F255A5FA600BE2569 /* BartyCrouch.swift in Sources */ = {isa = PBXBuildFile; fileRef = 7733F74E255A5FA600BE2569 /* BartyCrouch.swift */; };
		7733F750255A5FA600BE2569 /* BartyCrouch.swift in Sources */ = {isa = PBXBuildFile; fileRef = 7733F74E255A5FA600BE2569 /* BartyCrouch.swift */; };
		778D49FB255B50B400291B08 /* MemoryGame.swift in Sources */ = {isa = PBXBuildFile; fileRef = 778D49FA255B50B400291B08 /* MemoryGame.swift */; };
		778D49FC255B50B400291B08 /* MemoryGame.swift in Sources */ = {isa = PBXBuildFile; fileRef = 778D49FA255B50B400291B08 /* MemoryGame.swift */; };
		778D4A02255B584000291B08 /* EmojiMemoryGame.swift in Sources */ = {isa = PBXBuildFile; fileRef = 778D4A01255B584000291B08 /* EmojiMemoryGame.swift */; };
		778D4A03255B584000291B08 /* EmojiMemoryGame.swift in Sources */ = {isa = PBXBuildFile; fileRef = 778D4A01255B584000291B08 /* EmojiMemoryGame.swift */; };
		778D4A1D255C785000291B08 /* GridLayout.swift in Sources */ = {isa = PBXBuildFile; fileRef = 778D4A1C255C785000291B08 /* GridLayout.swift */; };
		778D4A1E255C785000291B08 /* GridLayout.swift in Sources */ = {isa = PBXBuildFile; fileRef = 778D4A1C255C785000291B08 /* GridLayout.swift */; };
		778D4A24255C796C00291B08 /* Grid.swift in Sources */ = {isa = PBXBuildFile; fileRef = 778D4A23255C796C00291B08 /* Grid.swift */; };
		778D4A25255C796C00291B08 /* Grid.swift in Sources */ = {isa = PBXBuildFile; fileRef = 778D4A23255C796C00291B08 /* Grid.swift */; };
		778D4A3B255CD49F00291B08 /* Pie.swift in Sources */ = {isa = PBXBuildFile; fileRef = 778D4A3A255CD49F00291B08 /* Pie.swift */; };
		778D4A3C255CD49F00291B08 /* Pie.swift in Sources */ = {isa = PBXBuildFile; fileRef = 778D4A3A255CD49F00291B08 /* Pie.swift */; };
		778D4A52255CE13A00291B08 /* Cardify.swift in Sources */ = {isa = PBXBuildFile; fileRef = 778D4A51255CE13A00291B08 /* Cardify.swift */; };
		778D4A53255CE13A00291B08 /* Cardify.swift in Sources */ = {isa = PBXBuildFile; fileRef = 778D4A51255CE13A00291B08 /* Cardify.swift */; };
/* End PBXBuildFile section */

/* Begin PBXContainerItemProxy section */
		7733F6D4255A530800BE2569 /* PBXContainerItemProxy */ = {
			isa = PBXContainerItemProxy;
			containerPortal = 7733F6B4255A530600BE2569 /* Project object */;
			proxyType = 1;
			remoteGlobalIDString = 7733F6C2255A530800BE2569;
			remoteInfo = "Memorize (iOS)";
		};
		7733F6DF255A530800BE2569 /* PBXContainerItemProxy */ = {
			isa = PBXContainerItemProxy;
			containerPortal = 7733F6B4255A530600BE2569 /* Project object */;
			proxyType = 1;
			remoteGlobalIDString = 7733F6CA255A530800BE2569;
			remoteInfo = "Memorize (macOS)";
		};
/* End PBXContainerItemProxy section */

/* Begin PBXFileReference section */
		74EC886DDCEE784104272137 /* Pods-Memorize (iOS).release.xcconfig */ = {isa = PBXFileReference; includeInIndex = 1; lastKnownFileType = text.xcconfig; name = "Pods-Memorize (iOS).release.xcconfig"; path = "Target Support Files/Pods-Memorize (iOS)/Pods-Memorize (iOS).release.xcconfig"; sourceTree = "<group>"; };
		772760DC2563261800F4698D /* .bartycrouch.toml */ = {isa = PBXFileReference; lastKnownFileType = text; name = .bartycrouch.toml; path = Pods/.bartycrouch.toml; sourceTree = SOURCE_ROOT; };
		7733F6BB255A530600BE2569 /* MemorizeApp.swift */ = {isa = PBXFileReference; lastKnownFileType = sourcecode.swift; path = MemorizeApp.swift; sourceTree = "<group>"; };
		7733F6BC255A530600BE2569 /* EmojiMemoryGameView.swift */ = {isa = PBXFileReference; lastKnownFileType = sourcecode.swift; path = EmojiMemoryGameView.swift; sourceTree = "<group>"; };
		7733F6BE255A530800BE2569 /* Assets.xcassets */ = {isa = PBXFileReference; lastKnownFileType = folder.assetcatalog; path = Assets.xcassets; sourceTree = "<group>"; };
		7733F6C3255A530800BE2569 /* Memorize.app */ = {isa = PBXFileReference; explicitFileType = wrapper.application; includeInIndex = 0; path = Memorize.app; sourceTree = BUILT_PRODUCTS_DIR; };
		7733F6C6255A530800BE2569 /* Info.plist */ = {isa = PBXFileReference; lastKnownFileType = text.plist.xml; path = Info.plist; sourceTree = "<group>"; };
		7733F6CB255A530800BE2569 /* Memorize.app */ = {isa = PBXFileReference; explicitFileType = wrapper.application; includeInIndex = 0; path = Memorize.app; sourceTree = BUILT_PRODUCTS_DIR; };
		7733F6CD255A530800BE2569 /* Info.plist */ = {isa = PBXFileReference; lastKnownFileType = text.plist.xml; path = Info.plist; sourceTree = "<group>"; };
		7733F6CE255A530800BE2569 /* macOS.entitlements */ = {isa = PBXFileReference; lastKnownFileType = text.plist.entitlements; path = macOS.entitlements; sourceTree = "<group>"; };
		7733F6D3255A530800BE2569 /* Tests iOS.xctest */ = {isa = PBXFileReference; explicitFileType = wrapper.cfbundle; includeInIndex = 0; path = "Tests iOS.xctest"; sourceTree = BUILT_PRODUCTS_DIR; };
		7733F6D7255A530800BE2569 /* Tests_iOS.swift */ = {isa = PBXFileReference; lastKnownFileType = sourcecode.swift; path = Tests_iOS.swift; sourceTree = "<group>"; };
		7733F6D9255A530800BE2569 /* Info.plist */ = {isa = PBXFileReference; lastKnownFileType = text.plist.xml; path = Info.plist; sourceTree = "<group>"; };
		7733F6DE255A530800BE2569 /* Tests macOS.xctest */ = {isa = PBXFileReference; explicitFileType = wrapper.cfbundle; includeInIndex = 0; path = "Tests macOS.xctest"; sourceTree = BUILT_PRODUCTS_DIR; };
		7733F6E2255A530800BE2569 /* Tests_macOS.swift */ = {isa = PBXFileReference; lastKnownFileType = sourcecode.swift; path = Tests_macOS.swift; sourceTree = "<group>"; };
		7733F6E4255A530800BE2569 /* Info.plist */ = {isa = PBXFileReference; lastKnownFileType = text.plist.xml; path = Info.plist; sourceTree = "<group>"; };
		7733F742255A5EF600BE2569 /* en */ = {isa = PBXFileReference; lastKnownFileType = text.plist.strings; name = en; path = en.lproj/Localizable.strings; sourceTree = "<group>"; };
		7733F748255A5F1C00BE2569 /* ja */ = {isa = PBXFileReference; lastKnownFileType = text.plist.strings; name = ja; path = ja.lproj/Localizable.strings; sourceTree = "<group>"; };
		7733F74E255A5FA600BE2569 /* BartyCrouch.swift */ = {isa = PBXFileReference; fileEncoding = 4; lastKnownFileType = sourcecode.swift; path = BartyCrouch.swift; sourceTree = "<group>"; };
		778D49FA255B50B400291B08 /* MemoryGame.swift */ = {isa = PBXFileReference; lastKnownFileType = sourcecode.swift; path = MemoryGame.swift; sourceTree = "<group>"; };
		778D4A01255B584000291B08 /* EmojiMemoryGame.swift */ = {isa = PBXFileReference; lastKnownFileType = sourcecode.swift; path = EmojiMemoryGame.swift; sourceTree = "<group>"; };
		778D4A1C255C785000291B08 /* GridLayout.swift */ = {isa = PBXFileReference; fileEncoding = 4; lastKnownFileType = sourcecode.swift; path = GridLayout.swift; sourceTree = "<group>"; };
		778D4A23255C796C00291B08 /* Grid.swift */ = {isa = PBXFileReference; lastKnownFileType = sourcecode.swift; path = Grid.swift; sourceTree = "<group>"; };
		778D4A3A255CD49F00291B08 /* Pie.swift */ = {isa = PBXFileReference; lastKnownFileType = sourcecode.swift; path = Pie.swift; sourceTree = "<group>"; };
		778D4A51255CE13A00291B08 /* Cardify.swift */ = {isa = PBXFileReference; lastKnownFileType = sourcecode.swift; path = Cardify.swift; sourceTree = "<group>"; };
		F7B14F16CA9588294A1FD813 /* Pods-Memorize (iOS).debug.xcconfig */ = {isa = PBXFileReference; includeInIndex = 1; lastKnownFileType = text.xcconfig; name = "Pods-Memorize (iOS).debug.xcconfig"; path = "Target Support Files/Pods-Memorize (iOS)/Pods-Memorize (iOS).debug.xcconfig"; sourceTree = "<group>"; };
/* End PBXFileReference section */

/* Begin PBXFrameworksBuildPhase section */
		7733F6C0255A530800BE2569 /* Frameworks */ = {
			isa = PBXFrameworksBuildPhase;
			buildActionMask = 2147483647;
			files = (
			);
			runOnlyForDeploymentPostprocessing = 0;
		};
		7733F6C8255A530800BE2569 /* Frameworks */ = {
			isa = PBXFrameworksBuildPhase;
			buildActionMask = 2147483647;
			files = (
			);
			runOnlyForDeploymentPostprocessing = 0;
		};
		7733F6D0255A530800BE2569 /* Frameworks */ = {
			isa = PBXFrameworksBuildPhase;
			buildActionMask = 2147483647;
			files = (
			);
			runOnlyForDeploymentPostprocessing = 0;
		};
		7733F6DB255A530800BE2569 /* Frameworks */ = {
			isa = PBXFrameworksBuildPhase;
			buildActionMask = 2147483647;
			files = (
			);
			runOnlyForDeploymentPostprocessing = 0;
		};
/* End PBXFrameworksBuildPhase section */

/* Begin PBXGroup section */
		7733F6B3255A530600BE2569 = {
			isa = PBXGroup;
			children = (
				7733F6B8255A530600BE2569 /* Shared */,
				7733F6C5255A530800BE2569 /* iOS */,
				7733F6CC255A530800BE2569 /* macOS */,
				7733F6D6255A530800BE2569 /* Tests iOS */,
				7733F6E1255A530800BE2569 /* Tests macOS */,
				7733F6C4255A530800BE2569 /* Products */,
				F75584E70AEB7B3A8A8260AF /* Pods */,
			);
			sourceTree = "<group>";
		};
		7733F6B8255A530600BE2569 /* Shared */ = {
			isa = PBXGroup;
			children = (
				778D4A23255C796C00291B08 /* Grid.swift */,
				778D4A1C255C785000291B08 /* GridLayout.swift */,
				7733F6BB255A530600BE2569 /* MemorizeApp.swift */,
				7733F6BC255A530600BE2569 /* EmojiMemoryGameView.swift */,
				778D4A01255B584000291B08 /* EmojiMemoryGame.swift */,
				778D49FA255B50B400291B08 /* MemoryGame.swift */,
				778D4A3A255CD49F00291B08 /* Pie.swift */,
				778D4A51255CE13A00291B08 /* Cardify.swift */,
				7733F74D255A5F6000BE2569 /* Support Files */,
			);
			path = Shared;
			sourceTree = "<group>";
		};
		7733F6C4255A530800BE2569 /* Products */ = {
			isa = PBXGroup;
			children = (
				7733F6C3255A530800BE2569 /* Memorize.app */,
				7733F6CB255A530800BE2569 /* Memorize.app */,
				7733F6D3255A530800BE2569 /* Tests iOS.xctest */,
				7733F6DE255A530800BE2569 /* Tests macOS.xctest */,
			);
			name = Products;
			sourceTree = "<group>";
		};
		7733F6C5255A530800BE2569 /* iOS */ = {
			isa = PBXGroup;
			children = (
				7733F6C6255A530800BE2569 /* Info.plist */,
			);
			path = iOS;
			sourceTree = "<group>";
		};
		7733F6CC255A530800BE2569 /* macOS */ = {
			isa = PBXGroup;
			children = (
				7733F6CD255A530800BE2569 /* Info.plist */,
				7733F6CE255A530800BE2569 /* macOS.entitlements */,
			);
			path = macOS;
			sourceTree = "<group>";
		};
		7733F6D6255A530800BE2569 /* Tests iOS */ = {
			isa = PBXGroup;
			children = (
				7733F6D7255A530800BE2569 /* Tests_iOS.swift */,
				7733F6D9255A530800BE2569 /* Info.plist */,
			);
			path = "Tests iOS";
			sourceTree = "<group>";
		};
		7733F6E1255A530800BE2569 /* Tests macOS */ = {
			isa = PBXGroup;
			children = (
				7733F6E2255A530800BE2569 /* Tests_macOS.swift */,
				7733F6E4255A530800BE2569 /* Info.plist */,
			);
			path = "Tests macOS";
			sourceTree = "<group>";
		};
		7733F74D255A5F6000BE2569 /* Support Files */ = {
			isa = PBXGroup;
			children = (
				7733F74E255A5FA600BE2569 /* BartyCrouch.swift */,
				7733F743255A5EF600BE2569 /* Localizable.strings */,
				7733F6BE255A530800BE2569 /* Assets.xcassets */,
			);
			path = "Support Files";
			sourceTree = "<group>";
		};
		F75584E70AEB7B3A8A8260AF /* Pods */ = {
			isa = PBXGroup;
			children = (
				772760DC2563261800F4698D /* .bartycrouch.toml */,
				F7B14F16CA9588294A1FD813 /* Pods-Memorize (iOS).debug.xcconfig */,
				74EC886DDCEE784104272137 /* Pods-Memorize (iOS).release.xcconfig */,
			);
			path = Pods;
			sourceTree = "<group>";
		};
/* End PBXGroup section */

/* Begin PBXNativeTarget section */
		7733F6C2255A530800BE2569 /* Memorize (iOS) */ = {
			isa = PBXNativeTarget;
			buildConfigurationList = 7733F6F1255A530800BE2569 /* Build configuration list for PBXNativeTarget "Memorize (iOS)" */;
			buildPhases = (
				EA870B9EC4C27920C2D0213B /* [CP] Check Pods Manifest.lock */,
				7733F6BF255A530800BE2569 /* Sources */,
				7733F6C0255A530800BE2569 /* Frameworks */,
				7733F6C1255A530800BE2569 /* Resources */,
				7733F715255A576200BE2569 /* SwiftLint */,
				7733F716255A578F00BE2569 /* SwiftGen */,
				7733F717255A579B00BE2569 /* BartyCrouch */,
			);
			buildRules = (
			);
			dependencies = (
			);
			name = "Memorize (iOS)";
			productName = "Memorize (iOS)";
			productReference = 7733F6C3255A530800BE2569 /* Memorize.app */;
			productType = "com.apple.product-type.application";
		};
		7733F6CA255A530800BE2569 /* Memorize (macOS) */ = {
			isa = PBXNativeTarget;
			buildConfigurationList = 7733F6F4255A530800BE2569 /* Build configuration list for PBXNativeTarget "Memorize (macOS)" */;
			buildPhases = (
				7733F6C7255A530800BE2569 /* Sources */,
				7733F6C8255A530800BE2569 /* Frameworks */,
				7733F6C9255A530800BE2569 /* Resources */,
			);
			buildRules = (
			);
			dependencies = (
			);
			name = "Memorize (macOS)";
			productName = "Memorize (macOS)";
			productReference = 7733F6CB255A530800BE2569 /* Memorize.app */;
			productType = "com.apple.product-type.application";
		};
		7733F6D2255A530800BE2569 /* Tests iOS */ = {
			isa = PBXNativeTarget;
			buildConfigurationList = 7733F6F7255A530800BE2569 /* Build configuration list for PBXNativeTarget "Tests iOS" */;
			buildPhases = (
				7733F6CF255A530800BE2569 /* Sources */,
				7733F6D0255A530800BE2569 /* Frameworks */,
				7733F6D1255A530800BE2569 /* Resources */,
			);
			buildRules = (
			);
			dependencies = (
				7733F6D5255A530800BE2569 /* PBXTargetDependency */,
			);
			name = "Tests iOS";
			productName = "Tests iOS";
			productReference = 7733F6D3255A530800BE2569 /* Tests iOS.xctest */;
			productType = "com.apple.product-type.bundle.ui-testing";
		};
		7733F6DD255A530800BE2569 /* Tests macOS */ = {
			isa = PBXNativeTarget;
			buildConfigurationList = 7733F6FA255A530800BE2569 /* Build configuration list for PBXNativeTarget "Tests macOS" */;
			buildPhases = (
				7733F6DA255A530800BE2569 /* Sources */,
				7733F6DB255A530800BE2569 /* Frameworks */,
				7733F6DC255A530800BE2569 /* Resources */,
			);
			buildRules = (
			);
			dependencies = (
				7733F6E0255A530800BE2569 /* PBXTargetDependency */,
			);
			name = "Tests macOS";
			productName = "Tests macOS";
			productReference = 7733F6DE255A530800BE2569 /* Tests macOS.xctest */;
			productType = "com.apple.product-type.bundle.ui-testing";
		};
/* End PBXNativeTarget section */

/* Begin PBXProject section */
		7733F6B4255A530600BE2569 /* Project object */ = {
			isa = PBXProject;
			attributes = {
				LastSwiftUpdateCheck = 1220;
				LastUpgradeCheck = 1220;
				TargetAttributes = {
					7733F6C2255A530800BE2569 = {
						CreatedOnToolsVersion = 12.2;
					};
					7733F6CA255A530800BE2569 = {
						CreatedOnToolsVersion = 12.2;
					};
					7733F6D2255A530800BE2569 = {
						CreatedOnToolsVersion = 12.2;
						TestTargetID = 7733F6C2255A530800BE2569;
					};
					7733F6DD255A530800BE2569 = {
						CreatedOnToolsVersion = 12.2;
						TestTargetID = 7733F6CA255A530800BE2569;
					};
				};
			};
			buildConfigurationList = 7733F6B7255A530600BE2569 /* Build configuration list for PBXProject "Memorize" */;
			compatibilityVersion = "Xcode 9.3";
			developmentRegion = en;
			hasScannedForEncodings = 0;
			knownRegions = (
				en,
				Base,
				ja,
			);
			mainGroup = 7733F6B3255A530600BE2569;
			productRefGroup = 7733F6C4255A530800BE2569 /* Products */;
			projectDirPath = "";
			projectRoot = "";
			targets = (
				7733F6C2255A530800BE2569 /* Memorize (iOS) */,
				7733F6CA255A530800BE2569 /* Memorize (macOS) */,
				7733F6D2255A530800BE2569 /* Tests iOS */,
				7733F6DD255A530800BE2569 /* Tests macOS */,
			);
		};
/* End PBXProject section */

/* Begin PBXResourcesBuildPhase section */
		7733F6C1255A530800BE2569 /* Resources */ = {
			isa = PBXResourcesBuildPhase;
			buildActionMask = 2147483647;
			files = (
				7733F6ED255A530800BE2569 /* Assets.xcassets in Resources */,
				7733F740255A5EF600BE2569 /* Localizable.strings in Resources */,
				772760DD2563261800F4698D /* .bartycrouch.toml in Resources */,
			);
			runOnlyForDeploymentPostprocessing = 0;
		};
		7733F6C9255A530800BE2569 /* Resources */ = {
			isa = PBXResourcesBuildPhase;
			buildActionMask = 2147483647;
			files = (
				7733F6EE255A530800BE2569 /* Assets.xcassets in Resources */,
				7733F741255A5EF600BE2569 /* Localizable.strings in Resources */,
				772760DE2563261800F4698D /* .bartycrouch.toml in Resources */,
			);
			runOnlyForDeploymentPostprocessing = 0;
		};
		7733F6D1255A530800BE2569 /* Resources */ = {
			isa = PBXResourcesBuildPhase;
			buildActionMask = 2147483647;
			files = (
			);
			runOnlyForDeploymentPostprocessing = 0;
		};
		7733F6DC255A530800BE2569 /* Resources */ = {
			isa = PBXResourcesBuildPhase;
			buildActionMask = 2147483647;
			files = (
			);
			runOnlyForDeploymentPostprocessing = 0;
		};
/* End PBXResourcesBuildPhase section */

/* Begin PBXShellScriptBuildPhase section */
		7733F715255A576200BE2569 /* SwiftLint */ = {
			isa = PBXShellScriptBuildPhase;
			buildActionMask = 2147483647;
			files = (
			);
			inputFileListPaths = (
			);
			inputPaths = (
			);
			name = SwiftLint;
			outputFileListPaths = (
			);
			outputPaths = (
			);
			runOnlyForDeploymentPostprocessing = 0;
			shellPath = /bin/sh;
			shellScript = "\"${PODS_ROOT}/SwiftLint/swiftlint\"\n";
		};
		7733F716255A578F00BE2569 /* SwiftGen */ = {
			isa = PBXShellScriptBuildPhase;
			buildActionMask = 2147483647;
			files = (
			);
			inputFileListPaths = (
			);
			inputPaths = (
			);
			name = SwiftGen;
			outputFileListPaths = (
			);
			outputPaths = (
			);
			runOnlyForDeploymentPostprocessing = 0;
			shellPath = /bin/sh;
			shellScript = "\"$PODS_ROOT/SwiftGen/bin/swiftgen\"\n";
		};
		7733F717255A579B00BE2569 /* BartyCrouch */ = {
			isa = PBXShellScriptBuildPhase;
			buildActionMask = 2147483647;
			files = (
			);
			inputFileListPaths = (
			);
			inputPaths = (
			);
			name = BartyCrouch;
			outputFileListPaths = (
			);
			outputPaths = (
			);
			runOnlyForDeploymentPostprocessing = 0;
			shellPath = /bin/sh;
			shellScript = "if which bartycrouch > /dev/null; then\n    #bartycrouch update -x\n    bartycrouch lint -x\nelse\n    echo \"warning: BartyCrouch not installed, download it from https://github.com/Flinesoft/BartyCrouch\"\nfi\n";
		};
		EA870B9EC4C27920C2D0213B /* [CP] Check Pods Manifest.lock */ = {
			isa = PBXShellScriptBuildPhase;
			buildActionMask = 2147483647;
			files = (
			);
			inputFileListPaths = (
			);
			inputPaths = (
				"${PODS_PODFILE_DIR_PATH}/Podfile.lock",
				"${PODS_ROOT}/Manifest.lock",
			);
			name = "[CP] Check Pods Manifest.lock";
			outputFileListPaths = (
			);
			outputPaths = (
				"$(DERIVED_FILE_DIR)/Pods-Memorize (iOS)-checkManifestLockResult.txt",
			);
			runOnlyForDeploymentPostprocessing = 0;
			shellPath = /bin/sh;
			shellScript = "diff \"${PODS_PODFILE_DIR_PATH}/Podfile.lock\" \"${PODS_ROOT}/Manifest.lock\" > /dev/null\nif [ $? != 0 ] ; then\n    # print error to STDERR\n    echo \"error: The sandbox is not in sync with the Podfile.lock. Run 'pod install' or update your CocoaPods installation.\" >&2\n    exit 1\nfi\n# This output is used by Xcode 'outputs' to avoid re-running this script phase.\necho \"SUCCESS\" > \"${SCRIPT_OUTPUT_FILE_0}\"\n";
			showEnvVarsInLog = 0;
		};
/* End PBXShellScriptBuildPhase section */

/* Begin PBXSourcesBuildPhase section */
		7733F6BF255A530800BE2569 /* Sources */ = {
			isa = PBXSourcesBuildPhase;
			buildActionMask = 2147483647;
			files = (
				7733F74F255A5FA600BE2569 /* BartyCrouch.swift in Sources */,
				7733F6E7255A530800BE2569 /* MemorizeApp.swift in Sources */,
				778D4A3B255CD49F00291B08 /* Pie.swift in Sources */,
				778D49FB255B50B400291B08 /* MemoryGame.swift in Sources */,
				778D4A1D255C785000291B08 /* GridLayout.swift in Sources */,
				7733F6E9255A530800BE2569 /* EmojiMemoryGameView.swift in Sources */,
				778D4A24255C796C00291B08 /* Grid.swift in Sources */,
				778D4A52255CE13A00291B08 /* Cardify.swift in Sources */,
				778D4A02255B584000291B08 /* EmojiMemoryGame.swift in Sources */,
			);
			runOnlyForDeploymentPostprocessing = 0;
		};
		7733F6C7255A530800BE2569 /* Sources */ = {
			isa = PBXSourcesBuildPhase;
			buildActionMask = 2147483647;
			files = (
				7733F750255A5FA600BE2569 /* BartyCrouch.swift in Sources */,
				7733F6E8255A530800BE2569 /* MemorizeApp.swift in Sources */,
				778D4A3C255CD49F00291B08 /* Pie.swift in Sources */,
				778D49FC255B50B400291B08 /* MemoryGame.swift in Sources */,
				778D4A1E255C785000291B08 /* GridLayout.swift in Sources */,
				7733F6EA255A530800BE2569 /* EmojiMemoryGameView.swift in Sources */,
				778D4A25255C796C00291B08 /* Grid.swift in Sources */,
				778D4A53255CE13A00291B08 /* Cardify.swift in Sources */,
				778D4A03255B584000291B08 /* EmojiMemoryGame.swift in Sources */,
			);
			runOnlyForDeploymentPostprocessing = 0;
		};
		7733F6CF255A530800BE2569 /* Sources */ = {
			isa = PBXSourcesBuildPhase;
			buildActionMask = 2147483647;
			files = (
				7733F6D8255A530800BE2569 /* Tests_iOS.swift in Sources */,
			);
			runOnlyForDeploymentPostprocessing = 0;
		};
		7733F6DA255A530800BE2569 /* Sources */ = {
			isa = PBXSourcesBuildPhase;
			buildActionMask = 2147483647;
			files = (
				7733F6E3255A530800BE2569 /* Tests_macOS.swift in Sources */,
			);
			runOnlyForDeploymentPostprocessing = 0;
		};
/* End PBXSourcesBuildPhase section */

/* Begin PBXTargetDependency section */
		7733F6D5255A530800BE2569 /* PBXTargetDependency */ = {
			isa = PBXTargetDependency;
			target = 7733F6C2255A530800BE2569 /* Memorize (iOS) */;
			targetProxy = 7733F6D4255A530800BE2569 /* PBXContainerItemProxy */;
		};
		7733F6E0255A530800BE2569 /* PBXTargetDependency */ = {
			isa = PBXTargetDependency;
			target = 7733F6CA255A530800BE2569 /* Memorize (macOS) */;
			targetProxy = 7733F6DF255A530800BE2569 /* PBXContainerItemProxy */;
		};
/* End PBXTargetDependency section */

/* Begin PBXVariantGroup section */
		7733F743255A5EF600BE2569 /* Localizable.strings */ = {
			isa = PBXVariantGroup;
			children = (
				7733F742255A5EF600BE2569 /* en */,
				7733F748255A5F1C00BE2569 /* ja */,
			);
			name = Localizable.strings;
			sourceTree = "<group>";
		};
/* End PBXVariantGroup section */

/* Begin XCBuildConfiguration section */
		7733F6EF255A530800BE2569 /* Debug */ = {
			isa = XCBuildConfiguration;
			buildSettings = {
				ALWAYS_SEARCH_USER_PATHS = NO;
				CLANG_ANALYZER_LOCALIZABILITY_NONLOCALIZED = YES;
				CLANG_ANALYZER_NONNULL = YES;
				CLANG_ANALYZER_NUMBER_OBJECT_CONVERSION = YES_AGGRESSIVE;
				CLANG_CXX_LANGUAGE_STANDARD = "gnu++14";
				CLANG_CXX_LIBRARY = "libc++";
				CLANG_ENABLE_MODULES = YES;
				CLANG_ENABLE_OBJC_ARC = YES;
				CLANG_ENABLE_OBJC_WEAK = YES;
				CLANG_WARN_BLOCK_CAPTURE_AUTORELEASING = YES;
				CLANG_WARN_BOOL_CONVERSION = YES;
				CLANG_WARN_COMMA = YES;
				CLANG_WARN_CONSTANT_CONVERSION = YES;
				CLANG_WARN_DEPRECATED_OBJC_IMPLEMENTATIONS = YES;
				CLANG_WARN_DIRECT_OBJC_ISA_USAGE = YES_ERROR;
				CLANG_WARN_DOCUMENTATION_COMMENTS = YES;
				CLANG_WARN_EMPTY_BODY = YES;
				CLANG_WARN_ENUM_CONVERSION = YES;
				CLANG_WARN_INFINITE_RECURSION = YES;
				CLANG_WARN_INT_CONVERSION = YES;
				CLANG_WARN_NON_LITERAL_NULL_CONVERSION = YES;
				CLANG_WARN_OBJC_IMPLICIT_RETAIN_SELF = YES;
				CLANG_WARN_OBJC_LITERAL_CONVERSION = YES;
				CLANG_WARN_OBJC_ROOT_CLASS = YES_ERROR;
				CLANG_WARN_QUOTED_INCLUDE_IN_FRAMEWORK_HEADER = YES;
				CLANG_WARN_RANGE_LOOP_ANALYSIS = YES;
				CLANG_WARN_STRICT_PROTOTYPES = YES;
				CLANG_WARN_SUSPICIOUS_MOVE = YES;
				CLANG_WARN_UNGUARDED_AVAILABILITY = YES_AGGRESSIVE;
				CLANG_WARN_UNREACHABLE_CODE = YES;
				CLANG_WARN__DUPLICATE_METHOD_MATCH = YES;
				COPY_PHASE_STRIP = NO;
				DEBUG_INFORMATION_FORMAT = dwarf;
				ENABLE_STRICT_OBJC_MSGSEND = YES;
				ENABLE_TESTABILITY = YES;
				GCC_C_LANGUAGE_STANDARD = gnu11;
				GCC_DYNAMIC_NO_PIC = NO;
				GCC_NO_COMMON_BLOCKS = YES;
				GCC_OPTIMIZATION_LEVEL = 0;
				GCC_PREPROCESSOR_DEFINITIONS = (
					"DEBUG=1",
					"$(inherited)",
				);
				GCC_WARN_64_TO_32_BIT_CONVERSION = YES;
				GCC_WARN_ABOUT_RETURN_TYPE = YES_ERROR;
				GCC_WARN_UNDECLARED_SELECTOR = YES;
				GCC_WARN_UNINITIALIZED_AUTOS = YES_AGGRESSIVE;
				GCC_WARN_UNUSED_FUNCTION = YES;
				GCC_WARN_UNUSED_VARIABLE = YES;
				MTL_ENABLE_DEBUG_INFO = INCLUDE_SOURCE;
				MTL_FAST_MATH = YES;
				ONLY_ACTIVE_ARCH = YES;
				SWIFT_ACTIVE_COMPILATION_CONDITIONS = DEBUG;
				SWIFT_OPTIMIZATION_LEVEL = "-Onone";
			};
			name = Debug;
		};
		7733F6F0255A530800BE2569 /* Release */ = {
			isa = XCBuildConfiguration;
			buildSettings = {
				ALWAYS_SEARCH_USER_PATHS = NO;
				CLANG_ANALYZER_LOCALIZABILITY_NONLOCALIZED = YES;
				CLANG_ANALYZER_NONNULL = YES;
				CLANG_ANALYZER_NUMBER_OBJECT_CONVERSION = YES_AGGRESSIVE;
				CLANG_CXX_LANGUAGE_STANDARD = "gnu++14";
				CLANG_CXX_LIBRARY = "libc++";
				CLANG_ENABLE_MODULES = YES;
				CLANG_ENABLE_OBJC_ARC = YES;
				CLANG_ENABLE_OBJC_WEAK = YES;
				CLANG_WARN_BLOCK_CAPTURE_AUTORELEASING = YES;
				CLANG_WARN_BOOL_CONVERSION = YES;
				CLANG_WARN_COMMA = YES;
				CLANG_WARN_CONSTANT_CONVERSION = YES;
				CLANG_WARN_DEPRECATED_OBJC_IMPLEMENTATIONS = YES;
				CLANG_WARN_DIRECT_OBJC_ISA_USAGE = YES_ERROR;
				CLANG_WARN_DOCUMENTATION_COMMENTS = YES;
				CLANG_WARN_EMPTY_BODY = YES;
				CLANG_WARN_ENUM_CONVERSION = YES;
				CLANG_WARN_INFINITE_RECURSION = YES;
				CLANG_WARN_INT_CONVERSION = YES;
				CLANG_WARN_NON_LITERAL_NULL_CONVERSION = YES;
				CLANG_WARN_OBJC_IMPLICIT_RETAIN_SELF = YES;
				CLANG_WARN_OBJC_LITERAL_CONVERSION = YES;
				CLANG_WARN_OBJC_ROOT_CLASS = YES_ERROR;
				CLANG_WARN_QUOTED_INCLUDE_IN_FRAMEWORK_HEADER = YES;
				CLANG_WARN_RANGE_LOOP_ANALYSIS = YES;
				CLANG_WARN_STRICT_PROTOTYPES = YES;
				CLANG_WARN_SUSPICIOUS_MOVE = YES;
				CLANG_WARN_UNGUARDED_AVAILABILITY = YES_AGGRESSIVE;
				CLANG_WARN_UNREACHABLE_CODE = YES;
				CLANG_WARN__DUPLICATE_METHOD_MATCH = YES;
				COPY_PHASE_STRIP = NO;
				DEBUG_INFORMATION_FORMAT = "dwarf-with-dsym";
				ENABLE_NS_ASSERTIONS = NO;
				ENABLE_STRICT_OBJC_MSGSEND = YES;
				GCC_C_LANGUAGE_STANDARD = gnu11;
				GCC_NO_COMMON_BLOCKS = YES;
				GCC_WARN_64_TO_32_BIT_CONVERSION = YES;
				GCC_WARN_ABOUT_RETURN_TYPE = YES_ERROR;
				GCC_WARN_UNDECLARED_SELECTOR = YES;
				GCC_WARN_UNINITIALIZED_AUTOS = YES_AGGRESSIVE;
				GCC_WARN_UNUSED_FUNCTION = YES;
				GCC_WARN_UNUSED_VARIABLE = YES;
				MTL_ENABLE_DEBUG_INFO = NO;
				MTL_FAST_MATH = YES;
				SWIFT_COMPILATION_MODE = wholemodule;
				SWIFT_OPTIMIZATION_LEVEL = "-O";
			};
			name = Release;
		};
		7733F6F2255A530800BE2569 /* Debug */ = {
			isa = XCBuildConfiguration;
			baseConfigurationReference = F7B14F16CA9588294A1FD813 /* Pods-Memorize (iOS).debug.xcconfig */;
			buildSettings = {
				ASSETCATALOG_COMPILER_APPICON_NAME = AppIcon;
				ASSETCATALOG_COMPILER_GLOBAL_ACCENT_COLOR_NAME = AccentColor;
				CODE_SIGN_STYLE = Automatic;
				DEVELOPMENT_TEAM = SS9PC4DBQM;
				ENABLE_PREVIEWS = YES;
				INFOPLIST_FILE = iOS/Info.plist;
				IPHONEOS_DEPLOYMENT_TARGET = 14.0;
				LD_RUNPATH_SEARCH_PATHS = (
					"$(inherited)",
					"@executable_path/Frameworks",
				);
				PRODUCT_BUNDLE_IDENTIFIER = solarmist.Memorize;
				PRODUCT_NAME = Memorize;
				SDKROOT = iphoneos;
				SWIFT_VERSION = 5.0;
				TARGETED_DEVICE_FAMILY = "1,2";
			};
			name = Debug;
		};
		7733F6F3255A530800BE2569 /* Release */ = {
			isa = XCBuildConfiguration;
			baseConfigurationReference = 74EC886DDCEE784104272137 /* Pods-Memorize (iOS).release.xcconfig */;
			buildSettings = {
				ASSETCATALOG_COMPILER_APPICON_NAME = AppIcon;
				ASSETCATALOG_COMPILER_GLOBAL_ACCENT_COLOR_NAME = AccentColor;
				CODE_SIGN_STYLE = Automatic;
				DEVELOPMENT_TEAM = SS9PC4DBQM;
				ENABLE_PREVIEWS = YES;
				INFOPLIST_FILE = iOS/Info.plist;
				IPHONEOS_DEPLOYMENT_TARGET = 14.0;
				LD_RUNPATH_SEARCH_PATHS = (
					"$(inherited)",
					"@executable_path/Frameworks",
				);
				PRODUCT_BUNDLE_IDENTIFIER = solarmist.Memorize;
				PRODUCT_NAME = Memorize;
				SDKROOT = iphoneos;
				SWIFT_VERSION = 5.0;
				TARGETED_DEVICE_FAMILY = "1,2";
				VALIDATE_PRODUCT = YES;
			};
			name = Release;
		};
		7733F6F5255A530800BE2569 /* Debug */ = {
			isa = XCBuildConfiguration;
			buildSettings = {
				ASSETCATALOG_COMPILER_APPICON_NAME = AppIcon;
				ASSETCATALOG_COMPILER_GLOBAL_ACCENT_COLOR_NAME = AccentColor;
				CODE_SIGN_ENTITLEMENTS = macOS/macOS.entitlements;
				CODE_SIGN_STYLE = Automatic;
				COMBINE_HIDPI_IMAGES = YES;
				DEVELOPMENT_TEAM = SS9PC4DBQM;
				ENABLE_HARDENED_RUNTIME = YES;
				ENABLE_PREVIEWS = YES;
				INFOPLIST_FILE = macOS/Info.plist;
				LD_RUNPATH_SEARCH_PATHS = (
					"$(inherited)",
					"@executable_path/../Frameworks",
				);
				MACOSX_DEPLOYMENT_TARGET = 11.0;
				PRODUCT_BUNDLE_IDENTIFIER = solarmist.Memorize;
				PRODUCT_NAME = Memorize;
				SDKROOT = macosx;
				SWIFT_VERSION = 5.0;
			};
			name = Debug;
		};
		7733F6F6255A530800BE2569 /* Release */ = {
			isa = XCBuildConfiguration;
			buildSettings = {
				ASSETCATALOG_COMPILER_APPICON_NAME = AppIcon;
				ASSETCATALOG_COMPILER_GLOBAL_ACCENT_COLOR_NAME = AccentColor;
				CODE_SIGN_ENTITLEMENTS = macOS/macOS.entitlements;
				CODE_SIGN_STYLE = Automatic;
				COMBINE_HIDPI_IMAGES = YES;
				DEVELOPMENT_TEAM = SS9PC4DBQM;
				ENABLE_HARDENED_RUNTIME = YES;
				ENABLE_PREVIEWS = YES;
				INFOPLIST_FILE = macOS/Info.plist;
				LD_RUNPATH_SEARCH_PATHS = (
					"$(inherited)",
					"@executable_path/../Frameworks",
				);
				MACOSX_DEPLOYMENT_TARGET = 11.0;
				PRODUCT_BUNDLE_IDENTIFIER = solarmist.Memorize;
				PRODUCT_NAME = Memorize;
				SDKROOT = macosx;
				SWIFT_VERSION = 5.0;
			};
			name = Release;
		};
		7733F6F8255A530800BE2569 /* Debug */ = {
			isa = XCBuildConfiguration;
			buildSettings = {
				ALWAYS_EMBED_SWIFT_STANDARD_LIBRARIES = YES;
				CODE_SIGN_STYLE = Automatic;
				DEVELOPMENT_TEAM = SS9PC4DBQM;
				INFOPLIST_FILE = "Tests iOS/Info.plist";
				IPHONEOS_DEPLOYMENT_TARGET = 14.2;
				LD_RUNPATH_SEARCH_PATHS = (
					"$(inherited)",
					"@executable_path/Frameworks",
					"@loader_path/Frameworks",
				);
				PRODUCT_BUNDLE_IDENTIFIER = "solarmist.Tests-iOS";
				PRODUCT_NAME = "$(TARGET_NAME)";
				SDKROOT = iphoneos;
				SWIFT_VERSION = 5.0;
				TARGETED_DEVICE_FAMILY = "1,2";
				TEST_TARGET_NAME = "Memorize (iOS)";
			};
			name = Debug;
		};
		7733F6F9255A530800BE2569 /* Release */ = {
			isa = XCBuildConfiguration;
			buildSettings = {
				ALWAYS_EMBED_SWIFT_STANDARD_LIBRARIES = YES;
				CODE_SIGN_STYLE = Automatic;
				DEVELOPMENT_TEAM = SS9PC4DBQM;
				INFOPLIST_FILE = "Tests iOS/Info.plist";
				IPHONEOS_DEPLOYMENT_TARGET = 14.2;
				LD_RUNPATH_SEARCH_PATHS = (
					"$(inherited)",
					"@executable_path/Frameworks",
					"@loader_path/Frameworks",
				);
				PRODUCT_BUNDLE_IDENTIFIER = "solarmist.Tests-iOS";
				PRODUCT_NAME = "$(TARGET_NAME)";
				SDKROOT = iphoneos;
				SWIFT_VERSION = 5.0;
				TARGETED_DEVICE_FAMILY = "1,2";
				TEST_TARGET_NAME = "Memorize (iOS)";
				VALIDATE_PRODUCT = YES;
			};
			name = Release;
		};
		7733F6FB255A530800BE2569 /* Debug */ = {
			isa = XCBuildConfiguration;
			buildSettings = {
				ALWAYS_EMBED_SWIFT_STANDARD_LIBRARIES = YES;
				CODE_SIGN_STYLE = Automatic;
				COMBINE_HIDPI_IMAGES = YES;
				DEVELOPMENT_TEAM = SS9PC4DBQM;
				INFOPLIST_FILE = "Tests macOS/Info.plist";
				LD_RUNPATH_SEARCH_PATHS = (
					"$(inherited)",
					"@executable_path/../Frameworks",
					"@loader_path/../Frameworks",
				);
				MACOSX_DEPLOYMENT_TARGET = 11.0;
				PRODUCT_BUNDLE_IDENTIFIER = "solarmist.Tests-macOS";
				PRODUCT_NAME = "$(TARGET_NAME)";
				SDKROOT = macosx;
				SWIFT_VERSION = 5.0;
				TEST_TARGET_NAME = "Memorize (macOS)";
			};
			name = Debug;
		};
		7733F6FC255A530800BE2569 /* Release */ = {
			isa = XCBuildConfiguration;
			buildSettings = {
				ALWAYS_EMBED_SWIFT_STANDARD_LIBRARIES = YES;
				CODE_SIGN_STYLE = Automatic;
				COMBINE_HIDPI_IMAGES = YES;
				DEVELOPMENT_TEAM = SS9PC4DBQM;
				INFOPLIST_FILE = "Tests macOS/Info.plist";
				LD_RUNPATH_SEARCH_PATHS = (
					"$(inherited)",
					"@executable_path/../Frameworks",
					"@loader_path/../Frameworks",
				);
				MACOSX_DEPLOYMENT_TARGET = 11.0;
				PRODUCT_BUNDLE_IDENTIFIER = "solarmist.Tests-macOS";
				PRODUCT_NAME = "$(TARGET_NAME)";
				SDKROOT = macosx;
				SWIFT_VERSION = 5.0;
				TEST_TARGET_NAME = "Memorize (macOS)";
			};
			name = Release;
		};
/* End XCBuildConfiguration section */

/* Begin XCConfigurationList section */
		7733F6B7255A530600BE2569 /* Build configuration list for PBXProject "Memorize" */ = {
			isa = XCConfigurationList;
			buildConfigurations = (
				7733F6EF255A530800BE2569 /* Debug */,
				7733F6F0255A530800BE2569 /* Release */,
			);
			defaultConfigurationIsVisible = 0;
			defaultConfigurationName = Release;
		};
		7733F6F1255A530800BE2569 /* Build configuration list for PBXNativeTarget "Memorize (iOS)" */ = {
			isa = XCConfigurationList;
			buildConfigurations = (
				7733F6F2255A530800BE2569 /* Debug */,
				7733F6F3255A530800BE2569 /* Release */,
			);
			defaultConfigurationIsVisible = 0;
			defaultConfigurationName = Release;
		};
		7733F6F4255A530800BE2569 /* Build configuration list for PBXNativeTarget "Memorize (macOS)" */ = {
			isa = XCConfigurationList;
			buildConfigurations = (
				7733F6F5255A530800BE2569 /* Debug */,
				7733F6F6255A530800BE2569 /* Release */,
			);
			defaultConfigurationIsVisible = 0;
			defaultConfigurationName = Release;
		};
		7733F6F7255A530800BE2569 /* Build configuration list for PBXNativeTarget "Tests iOS" */ = {
			isa = XCConfigurationList;
			buildConfigurations = (
				7733F6F8255A530800BE2569 /* Debug */,
				7733F6F9255A530800BE2569 /* Release */,
			);
			defaultConfigurationIsVisible = 0;
			defaultConfigurationName = Release;
		};
		7733F6FA255A530800BE2569 /* Build configuration list for PBXNativeTarget "Tests macOS" */ = {
			isa = XCConfigurationList;
			buildConfigurations = (
				7733F6FB255A530800BE2569 /* Debug */,
				7733F6FC255A530800BE2569 /* Release */,
			);
			defaultConfigurationIsVisible = 0;
			defaultConfigurationName = Release;
		};
/* End XCConfigurationList section */
	};
	rootObject = 7733F6B4255A530600BE2569 /* Project object */;
}
